
Microsoft Visual Studio Solution File, Format Version 12.00
Project("{FAE04EC0-301F-11D3-BF4B-00C04F79EFBC}") = "SlLib", "SlLib\SlLib.csproj", "{AD02ABE6-EE7E-4028-9821-C36991087D94}"
EndProject
Project("{FAE04EC0-301F-11D3-BF4B-00C04F79EFBC}") = "SlLib.Workspace", "SlLib.Workspace\SlLib.Workspace.csproj", "{B26372AA-5F49-446C-B2F4-E6F200BFADE9}"
EndProject
Project("{FAE04EC0-301F-11D3-BF4B-00C04F79EFBC}") = "SlToolkit", "SlToolkit\SlToolkit.csproj", "{79E14672-0D5D-4D8D-BB09-D72C8FA7DE74}"
EndProject
Project("{FAE04EC0-301F-11D3-BF4B-00C04F79EFBC}") = "SeEditor", "SeEditor\SeEditor.csproj", "{A2CBDB8C-FEFB-4EBB-A171-8FD0EAED76A0}"
	ProjectSection(ProjectDependencies) = postProject
		{AD02ABE6-EE7E-4028-9821-C36991087D94} = {AD02ABE6-EE7E-4028-9821-C36991087D94}
	EndProjectSection
EndProject
Project("{FAE04EC0-301F-11D3-BF4B-00C04F79EFBC}") = "SlLib.MarioKart", "SlLib.MarioKart\SlLib.MarioKart.csproj", "{EC9587BB-A6EC-41BB-A65E-0430259D7C68}"
EndProject
Global
	GlobalSection(SolutionConfigurationPlatforms) = preSolution
		Debug|Any CPU = Debug|Any CPU
		Release|Any CPU = Release|Any CPU
	EndGlobalSection
	GlobalSection(ProjectConfigurationPlatforms) = postSolution
		{AD02ABE6-EE7E-4028-9821-C36991087D94}.Debug|Any CPU.ActiveCfg = Debug|Any CPU
		{AD02ABE6-EE7E-4028-9821-C36991087D94}.Debug|Any CPU.Build.0 = Debug|Any CPU
		{AD02ABE6-EE7E-4028-9821-C36991087D94}.Release|Any CPU.ActiveCfg = Release|Any CPU
		{AD02ABE6-EE7E-4028-9821-C36991087D94}.Release|Any CPU.Build.0 = Release|Any CPU
		{B26372AA-5F49-446C-B2F4-E6F200BFADE9}.Debug|Any CPU.ActiveCfg = Debug|Any CPU
		{B26372AA-5F49-446C-B2F4-E6F200BFADE9}.Debug|Any CPU.Build.0 = Debug|Any CPU
		{B26372AA-5F49-446C-B2F4-E6F200BFADE9}.Release|Any CPU.ActiveCfg = Release|Any CPU
		{B26372AA-5F49-446C-B2F4-E6F200BFADE9}.Release|Any CPU.Build.0 = Release|Any CPU
		{79E14672-0D5D-4D8D-BB09-D72C8FA7DE74}.Debug|Any CPU.ActiveCfg = Debug|Any CPU
		{79E14672-0D5D-4D8D-BB09-D72C8FA7DE74}.Debug|Any CPU.Build.0 = Debug|Any CPU
		{79E14672-0D5D-4D8D-BB09-D72C8FA7DE74}.Release|Any CPU.ActiveCfg = Release|Any CPU
		{79E14672-0D5D-4D8D-BB09-D72C8FA7DE74}.Release|Any CPU.Build.0 = Release|Any CPU
		{A2CBDB8C-FEFB-4EBB-A171-8FD0EAED76A0}.Debug|Any CPU.ActiveCfg = Debug|Any CPU
		{A2CBDB8C-FEFB-4EBB-A171-8FD0EAED76A0}.Debug|Any CPU.Build.0 = Debug|Any CPU
		{A2CBDB8C-FEFB-4EBB-A171-8FD0EAED76A0}.Release|Any CPU.ActiveCfg = Release|Any CPU
		{A2CBDB8C-FEFB-4EBB-A171-8FD0EAED76A0}.Release|Any CPU.Build.0 = Release|Any CPU
		{EC9587BB-A6EC-41BB-A65E-0430259D7C68}.Debug|Any CPU.ActiveCfg = Debug|Any CPU
		{EC9587BB-A6EC-41BB-A65E-0430259D7C68}.Debug|Any CPU.Build.0 = Debug|Any CPU
		{EC9587BB-A6EC-41BB-A65E-0430259D7C68}.Release|Any CPU.ActiveCfg = Release|Any CPU
		{EC9587BB-A6EC-41BB-A65E-0430259D7C68}.Release|Any CPU.Build.0 = Release|Any CPU
	EndGlobalSection
EndGlobal
